{
  "name": "docxtemplater-cli",
  "version": "3.5.2",
  "lockfileVersion": 1,
  "requires": true,
  "dependencies": {
    "angular-expressions": {
      "version": "1.1.1",
      "resolved": "https://registry.npmjs.org/angular-expressions/-/angular-expressions-1.1.1.tgz",
      "integrity": "sha512-gH9UO5r0HTmQWOfet9dC6ekWZ0hnOzCy62OUcV79XuUh0wqaLzVHcv7STWfIA5hxn39TA4mYs1EKukCsgGIvwg=="
    },
    "docxtemplater": {
      "version": "3.19.7",
      "resolved": "https://registry.npmjs.org/docxtemplater/-/docxtemplater-3.19.7.tgz",
      "integrity": "sha512-OVl0rTRBy/IQ/X4OBicLxjXzTotM1qcfE+U1Gujp9WEnMgqidr9ZdzdLByjH1Nd8507GD6FRAJkQBNGxDr2tJg==",
      "requires": {
        "xmldom": "^0.3.0"
      }
    },
    "minimist": {
      "version": "1.2.5",
      "resolved": "https://registry.npmjs.org/minimist/-/minimist-1.2.5.tgz",
      "integrity": "sha512-FM9nNUYrRBAELZQT3xeZQ7fmMOBg6nWNmJKTcgsJeaLstP/UODVpGsr5OhXhhXg6f+qtJ8uiZ+PUxkDWcgIXLw=="
    },
    "pako": {
      "version": "1.0.6",
      "resolved": "https://registry.npmjs.org/pako/-/pako-1.0.6.tgz",
      "integrity": "sha512-lQe48YPsMJAig+yngZ87Lus+NF+3mtu7DVOBu6b/gHO1YpKwIj5AWjZ/TOS7i46HD/UixzWb1zeWDZfGZ3iYcg=="
    },
    "pizzip": {
      "version": "3.0.6",
      "resolved": "https://registry.npmjs.org/pizzip/-/pizzip-3.0.6.tgz",
      "integrity": "sha512-CYmQJQ6ShNhScp2zrpGetRfamQ2CtUdsfcXaauqsQ0h/HVdQTTlHNUaNzMO0i+l8XTNctHJ6PrmFP+YZoF4iZw==",
      "requires": {
        "pako": "~1.0.2"
      }
    },
    "xmldom": {
      "version": "0.3.0",
      "resolved": "https://registry.npmjs.org/xmldom/-/xmldom-0.3.0.tgz",
      "integrity": "sha512-z9s6k3wxE+aZHgXYxSTpGDo7BYOUfJsIRyoZiX6HTjwpwfS2wpQBQKa2fD+ShLyPkqDYo5ud7KitmLZ2Cd6r0g=="
    }
  }
}
